
Microsoft Visual Studio Solution File, Format Version 12.00
# Visual Studio Version 17
VisualStudioVersion = 17.9.34728.123
MinimumVisualStudioVersion = 10.0.40219.1
Project("{9A19103F-16F7-4668-BE54-9A1E7A4F7556}") = "OnlineStore.Api", "OnlineStore.Api\OnlineStore.Api.csproj", "{C15C9467-DA5C-4E7A-A53F-5C8DB48994D9}"
EndProject
Project("{9A19103F-16F7-4668-BE54-9A1E7A4F7556}") = "OnlineStore.Business", "OnlineStore.Business\OnlineStore.Business.csproj", "{162CAA01-6C60-474C-9D7C-3A9E98532B6C}"
EndProject
Project("{9A19103F-16F7-4668-BE54-9A1E7A4F7556}") = "OnlineStore.DataAccess", "OnlineStore.DataAccess\OnlineStore.DataAccess.csproj", "{26000BA0-C6C4-46AC-AA95-CF22F9930163}"
EndProject
Project("{9A19103F-16F7-4668-BE54-9A1E7A4F7556}") = "OnlineStore.Models", "OnlineStore.Models\OnlineStore.Models.csproj", "{D59EED9F-F40B-46FF-BDBB-408B930093EB}"
EndProject
Project("{9A19103F-16F7-4668-BE54-9A1E7A4F7556}") = "OnlineStore.Infrastructure", "OnlineStore.Infrastructure\OnlineStore.Infrastructure.csproj", "{D791D40C-3AE4-426B-AE0D-C2EEC836BAED}"
EndProject
Project("{FAE04EC0-301F-11D3-BF4B-00C04F79EFBC}") = "OnlineStore.UnitTest", "OnlineStore.UnitTest\OnlineStore.UnitTest.csproj", "{1A0F4A2A-B593-4F25-91C7-8BAF12703852}"
EndProject
Global
	GlobalSection(SolutionConfigurationPlatforms) = preSolution
		Debug|Any CPU = Debug|Any CPU
		Release|Any CPU = Release|Any CPU
	EndGlobalSection
	GlobalSection(ProjectConfigurationPlatforms) = postSolution
		{C15C9467-DA5C-4E7A-A53F-5C8DB48994D9}.Debug|Any CPU.ActiveCfg = Debug|Any CPU
		{C15C9467-DA5C-4E7A-A53F-5C8DB48994D9}.Debug|Any CPU.Build.0 = Debug|Any CPU
		{C15C9467-DA5C-4E7A-A53F-5C8DB48994D9}.Release|Any CPU.ActiveCfg = Release|Any CPU
		{C15C9467-DA5C-4E7A-A53F-5C8DB48994D9}.Release|Any CPU.Build.0 = Release|Any CPU
		{162CAA01-6C60-474C-9D7C-3A9E98532B6C}.Debug|Any CPU.ActiveCfg = Debug|Any CPU
		{162CAA01-6C60-474C-9D7C-3A9E98532B6C}.Debug|Any CPU.Build.0 = Debug|Any CPU
		{162CAA01-6C60-474C-9D7C-3A9E98532B6C}.Release|Any CPU.ActiveCfg = Release|Any CPU
		{162CAA01-6C60-474C-9D7C-3A9E98532B6C}.Release|Any CPU.Build.0 = Release|Any CPU
		{26000BA0-C6C4-46AC-AA95-CF22F9930163}.Debug|Any CPU.ActiveCfg = Debug|Any CPU
		{26000BA0-C6C4-46AC-AA95-CF22F9930163}.Debug|Any CPU.Build.0 = Debug|Any CPU
		{26000BA0-C6C4-46AC-AA95-CF22F9930163}.Release|Any CPU.ActiveCfg = Release|Any CPU
		{26000BA0-C6C4-46AC-AA95-CF22F9930163}.Release|Any CPU.Build.0 = Release|Any CPU
		{D59EED9F-F40B-46FF-BDBB-408B930093EB}.Debug|Any CPU.ActiveCfg = Debug|Any CPU
		{D59EED9F-F40B-46FF-BDBB-408B930093EB}.Debug|Any CPU.Build.0 = Debug|Any CPU
		{D59EED9F-F40B-46FF-BDBB-408B930093EB}.Release|Any CPU.ActiveCfg = Release|Any CPU
		{D59EED9F-F40B-46FF-BDBB-408B930093EB}.Release|Any CPU.Build.0 = Release|Any CPU
		{D791D40C-3AE4-426B-AE0D-C2EEC836BAED}.Debug|Any CPU.ActiveCfg = Debug|Any CPU
		{D791D40C-3AE4-426B-AE0D-C2EEC836BAED}.Debug|Any CPU.Build.0 = Debug|Any CPU
		{D791D40C-3AE4-426B-AE0D-C2EEC836BAED}.Release|Any CPU.ActiveCfg = Release|Any CPU
		{D791D40C-3AE4-426B-AE0D-C2EEC836BAED}.Release|Any CPU.Build.0 = Release|Any CPU
		{1A0F4A2A-B593-4F25-91C7-8BAF12703852}.Debug|Any CPU.ActiveCfg = Debug|Any CPU
		{1A0F4A2A-B593-4F25-91C7-8BAF12703852}.Debug|Any CPU.Build.0 = Debug|Any CPU
		{1A0F4A2A-B593-4F25-91C7-8BAF12703852}.Release|Any CPU.ActiveCfg = Release|Any CPU
		{1A0F4A2A-B593-4F25-91C7-8BAF12703852}.Release|Any CPU.Build.0 = Release|Any CPU
	EndGlobalSection
	GlobalSection(SolutionProperties) = preSolution
		HideSolutionNode = FALSE
	EndGlobalSection
	GlobalSection(ExtensibilityGlobals) = postSolution
		SolutionGuid = {D7B3E0A8-B291-4BE8-9DCB-BF830FCB0F5F}
	EndGlobalSection
EndGlobal
